// !$*UTF8*$!
{
	archiveVersion = 1;
	classes = {
	};
	objectVersion = 56;
	objects = {

/* Begin PBXBuildFile section */
		B538AA2D2E0217BF00D2E018 /* TendApp.swift in Sources */ = {isa = PBXBuildFile; fileRef = B538AA2C2E0217BF00D2E018 /* TendApp.swift */; };
		B538AA2F2E0217BF00D2E018 /* ContentView.swift in Sources */ = {isa = PBXBuildFile; fileRef = B538AA2E2E0217BF00D2E018 /* ContentView.swift */; };
		B538AA312E0217C000D2E018 /* Assets.xcassets in Resources */ = {isa = PBXBuildFile; fileRef = B538AA302E0217C000D2E018 /* Assets.xcassets */; };
		B538AA342E0217C000D2E018 /* Preview Assets.xcassets in Resources */ = {isa = PBXBuildFile; fileRef = B538AA332E0217C000D2E018 /* Preview Assets.xcassets */; };
		B538AA3E2E0217C000D2E018 /* TendTests.swift in Sources */ = {isa = PBXBuildFile; fileRef = B538AA3D2E0217C000D2E018 /* TendTests.swift */; };
		B538AA482E0217C000D2E018 /* TendUITests.swift in Sources */ = {isa = PBXBuildFile; fileRef = B538AA472E0217C000D2E018 /* TendUITests.swift */; };
		B538AA4A2E0217C000D2E018 /* TendUITestsLaunchTests.swift in Sources */ = {isa = PBXBuildFile; fileRef = B538AA492E0217C000D2E018 /* TendUITestsLaunchTests.swift */; };
/* End PBXBuildFile section */

/* Begin PBXContainerItemProxy section */
		B538AA3A2E0217C000D2E018 /* PBXContainerItemProxy */ = {
			isa = PBXContainerItemProxy;
			containerPortal = B538AA212E0217BF00D2E018 /* Project object */;
			proxyType = 1;
			remoteGlobalIDString = B538AA282E0217BF00D2E018;
			remoteInfo = Tend;
		};
		B538AA442E0217C000D2E018 /* PBXContainerItemProxy */ = {
			isa = PBXContainerItemProxy;
			containerPortal = B538AA212E0217BF00D2E018 /* Project object */;
			proxyType = 1;
			remoteGlobalIDString = B538AA282E0217BF00D2E018;
			remoteInfo = Tend;
		};
/* End PBXContainerItemProxy section */

/* Begin PBXFileReference section */
		B538AA292E0217BF00D2E018 /* Tend.app */ = {isa = PBXFileReference; explicitFileType = wrapper.application; includeInIndex = 0; path = Tend.app; sourceTree = BUILT_PRODUCTS_DIR; };
		B538AA2C2E0217BF00D2E018 /* TendApp.swift */ = {isa = PBXFileReference; lastKnownFileType = sourcecode.swift; path = TendApp.swift; sourceTree = "<group>"; };
		B538AA2E2E0217BF00D2E018 /* ContentView.swift */ = {isa = PBXFileReference; lastKnownFileType = sourcecode.swift; path = ContentView.swift; sourceTree = "<group>"; };
		B538AA302E0217C000D2E018 /* Assets.xcassets */ = {isa = PBXFileReference; lastKnownFileType = folder.assetcatalog; path = Assets.xcassets; sourceTree = "<group>"; };
		B538AA332E0217C000D2E018 /* Preview Assets.xcassets */ = {isa = PBXFileReference; lastKnownFileType = folder.assetcatalog; path = "Preview Assets.xcassets"; sourceTree = "<group>"; };
		B538AA392E0217C000D2E018 /* TendTests.xctest */ = {isa = PBXFileReference; explicitFileType = wrapper.cfbundle; includeInIndex = 0; path = TendTests.xctest; sourceTree = BUILT_PRODUCTS_DIR; };
		B538AA3D2E0217C000D2E018 /* TendTests.swift */ = {isa = PBXFileReference; lastKnownFileType = sourcecode.swift; path = TendTests.swift; sourceTree = "<group>"; };
		B538AA432E0217C000D2E018 /* TendUITests.xctest */ = {isa = PBXFileReference; explicitFileType = wrapper.cfbundle; includeInIndex = 0; path = TendUITests.xctest; sourceTree = BUILT_PRODUCTS_DIR; };
		B538AA472E0217C000D2E018 /* TendUITests.swift */ = {isa = PBXFileReference; lastKnownFileType = sourcecode.swift; path = TendUITests.swift; sourceTree = "<group>"; };
		B538AA492E0217C000D2E018 /* TendUITestsLaunchTests.swift */ = {isa = PBXFileReference; lastKnownFileType = sourcecode.swift; path = TendUITestsLaunchTests.swift; sourceTree = "<group>"; };
/* End PBXFileReference section */

/* Begin PBXFrameworksBuildPhase section */
		B538AA262E0217BF00D2E018 /* Frameworks */ = {
			isa = PBXFrameworksBuildPhase;
			buildActionMask = 2147483647;
			files = (
			);
			runOnlyForDeploymentPostprocessing = 0;
		};
		B538AA362E0217C000D2E018 /* Frameworks */ = {
			isa = PBXFrameworksBuildPhase;
			buildActionMask = 2147483647;
			files = (
			);
			runOnlyForDeploymentPostprocessing = 0;
		};
		B538AA402E0217C000D2E018 /* Frameworks */ = {
			isa = PBXFrameworksBuildPhase;
			buildActionMask = 2147483647;
			files = (
			);
			runOnlyForDeploymentPostprocessing = 0;
		};
/* End PBXFrameworksBuildPhase section */

/* Begin PBXGroup section */
		B538AA202E0217BF00D2E018 = {
			isa = PBXGroup;
			children = (
				B538AA2B2E0217BF00D2E018 /* Tend */,
				B538AA3C2E0217C000D2E018 /* TendTests */,
				B538AA462E0217C000D2E018 /* TendUITests */,
				B538AA2A2E0217BF00D2E018 /* Products */,
			);
			sourceTree = "<group>";
		};
		B538AA2A2E0217BF00D2E018 /* Products */ = {
			isa = PBXGroup;
			children = (
				B538AA292E0217BF00D2E018 /* Tend.app */,
				B538AA392E0217C000D2E018 /* TendTests.xctest */,
				B538AA432E0217C000D2E018 /* TendUITests.xctest */,
			);
			name = Products;
			sourceTree = "<group>";
		};
		B538AA2B2E0217BF00D2E018 /* Tend */ = {
			isa = PBXGroup;
			children = (
				B538AA2C2E0217BF00D2E018 /* TendApp.swift */,
				B538AA2E2E0217BF00D2E018 /* ContentView.swift */,
				B538AA302E0217C000D2E018 /* Assets.xcassets */,
				B538AA322E0217C000D2E018 /* Preview Content */,
			);
			path = Tend;
			sourceTree = "<group>";
		};
		B538AA322E0217C000D2E018 /* Preview Content */ = {
			isa = PBXGroup;
			children = (
				B538AA332E0217C000D2E018 /* Preview Assets.xcassets */,
			);
			path = "Preview Content";
			sourceTree = "<group>";
		};
		B538AA3C2E0217C000D2E018 /* TendTests */ = {
			isa = PBXGroup;
			children = (
				B538AA3D2E0217C000D2E018 /* TendTests.swift */,
			);
			path = TendTests;
			sourceTree = "<group>";
		};
		B538AA462E0217C000D2E018 /* TendUITests */ = {
			isa = PBXGroup;
			children = (
				B538AA472E0217C000D2E018 /* TendUITests.swift */,
				B538AA492E0217C000D2E018 /* TendUITestsLaunchTests.swift */,
			);
			path = TendUITests;
			sourceTree = "<group>";
		};
/* End PBXGroup section */

/* Begin PBXNativeTarget section */
		B538AA282E0217BF00D2E018 /* Tend */ = {
			isa = PBXNativeTarget;
			buildConfigurationList = B538AA4D2E0217C000D2E018 /* Build configuration list for PBXNativeTarget "Tend" */;
			buildPhases = (
				B538AA252E0217BF00D2E018 /* Sources */,
				B538AA262E0217BF00D2E018 /* Frameworks */,
				B538AA272E0217BF00D2E018 /* Resources */,
			);
			buildRules = (
			);
			dependencies = (
			);
			name = Tend;
			productName = Tend;
			productReference = B538AA292E0217BF00D2E018 /* Tend.app */;
			productType = "com.apple.product-type.application";
		};
		B538AA382E0217C000D2E018 /* TendTests */ = {
			isa = PBXNativeTarget;
			buildConfigurationList = B538AA502E0217C000D2E018 /* Build configuration list for PBXNativeTarget "TendTests" */;
			buildPhases = (
				B538AA352E0217C000D2E018 /* Sources */,
				B538AA362E0217C000D2E018 /* Frameworks */,
				B538AA372E0217C000D2E018 /* Resources */,
			);
			buildRules = (
			);
			dependencies = (
				B538AA3B2E0217C000D2E018 /* PBXTargetDependency */,
			);
			name = TendTests;
			productName = TendTests;
			productReference = B538AA392E0217C000D2E018 /* TendTests.xctest */;
			productType = "com.apple.product-type.bundle.unit-test";
		};
		B538AA422E0217C000D2E018 /* TendUITests */ = {
			isa = PBXNativeTarget;
			buildConfigurationList = B538AA532E0217C000D2E018 /* Build configuration list for PBXNativeTarget "TendUITests" */;
			buildPhases = (
				B538AA3F2E0217C000D2E018 /* Sources */,
				B538AA402E0217C000D2E018 /* Frameworks */,
				B538AA412E0217C000D2E018 /* Resources */,
			);
			buildRules = (
			);
			dependencies = (
				B538AA452E0217C000D2E018 /* PBXTargetDependency */,
			);
			name = TendUITests;
			productName = TendUITests;
			productReference = B538AA432E0217C000D2E018 /* TendUITests.xctest */;
			productType = "com.apple.product-type.bundle.ui-testing";
		};
/* End PBXNativeTarget section */

/* Begin PBXProject section */
		B538AA212E0217BF00D2E018 /* Project object */ = {
			isa = PBXProject;
			attributes = {
				BuildIndependentTargetsInParallel = 1;
				LastSwiftUpdateCheck = 1540;
				LastUpgradeCheck = 1540;
				TargetAttributes = {
					B538AA282E0217BF00D2E018 = {
						CreatedOnToolsVersion = 15.4;
					};
					B538AA382E0217C000D2E018 = {
						CreatedOnToolsVersion = 15.4;
						TestTargetID = B538AA282E0217BF00D2E018;
					};
					B538AA422E0217C000D2E018 = {
						CreatedOnToolsVersion = 15.4;
						TestTargetID = B538AA282E0217BF00D2E018;
					};
				};
			};
			buildConfigurationList = B538AA242E0217BF00D2E018 /* Build configuration list for PBXProject "Tend" */;
			compatibilityVersion = "Xcode 14.0";
			developmentRegion = en;
			hasScannedForEncodings = 0;
			knownRegions = (
				en,
				Base,
			);
			mainGroup = B538AA202E0217BF00D2E018;
			productRefGroup = B538AA2A2E0217BF00D2E018 /* Products */;
			projectDirPath = "";
			projectRoot = "";
			targets = (
				B538AA282E0217BF00D2E018 /* Tend */,
				B538AA382E0217C000D2E018 /* TendTests */,
				B538AA422E0217C000D2E018 /* TendUITests */,
			);
		};
/* End PBXProject section */

/* Begin PBXResourcesBuildPhase section */
		B538AA272E0217BF00D2E018 /* Resources */ = {
			isa = PBXResourcesBuildPhase;
			buildActionMask = 2147483647;
			files = (
				B538AA342E0217C000D2E018 /* Preview Assets.xcassets in Resources */,
				B538AA312E0217C000D2E018 /* Assets.xcassets in Resources */,
			);
			runOnlyForDeploymentPostprocessing = 0;
		};
		B538AA372E0217C000D2E018 /* Resources */ = {
			isa = PBXResourcesBuildPhase;
			buildActionMask = 2147483647;
			files = (
			);
			runOnlyForDeploymentPostprocessing = 0;
		};
		B538AA412E0217C000D2E018 /* Resources */ = {
			isa = PBXResourcesBuildPhase;
			buildActionMask = 2147483647;
			files = (
			);
			runOnlyForDeploymentPostprocessing = 0;
		};
/* End PBXResourcesBuildPhase section */

/* Begin PBXSourcesBuildPhase section */
		B538AA252E0217BF00D2E018 /* Sources */ = {
			isa = PBXSourcesBuildPhase;
			buildActionMask = 2147483647;
			files = (
				B538AA2F2E0217BF00D2E018 /* ContentView.swift in Sources */,
				B538AA2D2E0217BF00D2E018 /* TendApp.swift in Sources */,
			);
			runOnlyForDeploymentPostprocessing = 0;
		};
		B538AA352E0217C000D2E018 /* Sources */ = {
			isa = PBXSourcesBuildPhase;
			buildActionMask = 2147483647;
			files = (
				B538AA3E2E0217C000D2E018 /* TendTests.swift in Sources */,
			);
			runOnlyForDeploymentPostprocessing = 0;
		};
		B538AA3F2E0217C000D2E018 /* Sources */ = {
			isa = PBXSourcesBuildPhase;
			buildActionMask = 2147483647;
			files = (
				B538AA482E0217C000D2E018 /* TendUITests.swift in Sources */,
				B538AA4A2E0217C000D2E018 /* TendUITestsLaunchTests.swift in Sources */,
			);
			runOnlyForDeploymentPostprocessing = 0;
		};
/* End PBXSourcesBuildPhase section */

/* Begin PBXTargetDependency section */
		B538AA3B2E0217C000D2E018 /* PBXTargetDependency */ = {
			isa = PBXTargetDependency;
			target = B538AA282E0217BF00D2E018 /* Tend */;
			targetProxy = B538AA3A2E0217C000D2E018 /* PBXContainerItemProxy */;
		};
		B538AA452E0217C000D2E018 /* PBXTargetDependency */ = {
			isa = PBXTargetDependency;
			target = B538AA282E0217BF00D2E018 /* Tend */;
			targetProxy = B538AA442E0217C000D2E018 /* PBXContainerItemProxy */;
		};
/* End PBXTargetDependency section */

/* Begin XCBuildConfiguration section */
		B538AA4B2E0217C000D2E018 /* Debug */ = {
			isa = XCBuildConfiguration;
			buildSettings = {
				ALWAYS_SEARCH_USER_PATHS = NO;
				ASSETCATALOG_COMPILER_GENERATE_SWIFT_ASSET_SYMBOL_EXTENSIONS = YES;
				CLANG_ANALYZER_NONNULL = YES;
				CLANG_ANALYZER_NUMBER_OBJECT_CONVERSION = YES_AGGRESSIVE;
				CLANG_CXX_LANGUAGE_STANDARD = "gnu++20";
				CLANG_ENABLE_MODULES = YES;
				CLANG_ENABLE_OBJC_ARC = YES;
				CLANG_ENABLE_OBJC_WEAK = YES;
				CLANG_WARN_BLOCK_CAPTURE_AUTORELEASING = YES;
				CLANG_WARN_BOOL_CONVERSION = YES;
				CLANG_WARN_COMMA = YES;
				CLANG_WARN_CONSTANT_CONVERSION = YES;
				CLANG_WARN_DEPRECATED_OBJC_IMPLEMENTATIONS = YES;
				CLANG_WARN_DIRECT_OBJC_ISA_USAGE = YES_ERROR;
				CLANG_WARN_DOCUMENTATION_COMMENTS = YES;
				CLANG_WARN_EMPTY_BODY = YES;
				CLANG_WARN_ENUM_CONVERSION = YES;
				CLANG_WARN_INFINITE_RECURSION = YES;
				CLANG_WARN_INT_CONVERSION = YES;
				CLANG_WARN_NON_LITERAL_NULL_CONVERSION = YES;
				CLANG_WARN_OBJC_IMPLICIT_RETAIN_SELF = YES;
				CLANG_WARN_OBJC_LITERAL_CONVERSION = YES;
				CLANG_WARN_OBJC_ROOT_CLASS = YES_ERROR;
				CLANG_WARN_QUOTED_INCLUDE_IN_FRAMEWORK_HEADER = YES;
				CLANG_WARN_RANGE_LOOP_ANALYSIS = YES;
				CLANG_WARN_STRICT_PROTOTYPES = YES;
				CLANG_WARN_SUSPICIOUS_MOVE = YES;
				CLANG_WARN_UNGUARDED_AVAILABILITY = YES_AGGRESSIVE;
				CLANG_WARN_UNREACHABLE_CODE = YES;
				CLANG_WARN__DUPLICATE_METHOD_MATCH = YES;
				COPY_PHASE_STRIP = NO;
				DEBUG_INFORMATION_FORMAT = dwarf;
				ENABLE_STRICT_OBJC_MSGSEND = YES;
				ENABLE_TESTABILITY = YES;
				ENABLE_USER_SCRIPT_SANDBOXING = YES;
				GCC_C_LANGUAGE_STANDARD = gnu17;
				GCC_DYNAMIC_NO_PIC = NO;
				GCC_NO_COMMON_BLOCKS = YES;
				GCC_OPTIMIZATION_LEVEL = 0;
				GCC_PREPROCESSOR_DEFINITIONS = (
					"DEBUG=1",
					"$(inherited)",
				);
				GCC_WARN_64_TO_32_BIT_CONVERSION = YES;
				GCC_WARN_ABOUT_RETURN_TYPE = YES_ERROR;
				GCC_WARN_UNDECLARED_SELECTOR = YES;
				GCC_WARN_UNINITIALIZED_AUTOS = YES_AGGRESSIVE;
				GCC_WARN_UNUSED_FUNCTION = YES;
				GCC_WARN_UNUSED_VARIABLE = YES;
				IPHONEOS_DEPLOYMENT_TARGET = 17.5;
				LOCALIZATION_PREFERS_STRING_CATALOGS = YES;
				MTL_ENABLE_DEBUG_INFO = INCLUDE_SOURCE;
				MTL_FAST_MATH = YES;
				ONLY_ACTIVE_ARCH = YES;
				SDKROOT = iphoneos;
				SWIFT_ACTIVE_COMPILATION_CONDITIONS = "DEBUG $(inherited)";
				SWIFT_OPTIMIZATION_LEVEL = "-Onone";
			};
			name = Debug;
		};
		B538AA4C2E0217C000D2E018 /* Release */ = {
			isa = XCBuildConfiguration;
			buildSettings = {
				ALWAYS_SEARCH_USER_PATHS = NO;
				ASSETCATALOG_COMPILER_GENERATE_SWIFT_ASSET_SYMBOL_EXTENSIONS = YES;
				CLANG_ANALYZER_NONNULL = YES;
				CLANG_ANALYZER_NUMBER_OBJECT_CONVERSION = YES_AGGRESSIVE;
				CLANG_CXX_LANGUAGE_STANDARD = "gnu++20";
				CLANG_ENABLE_MODULES = YES;
				CLANG_ENABLE_OBJC_ARC = YES;
				CLANG_ENABLE_OBJC_WEAK = YES;
				CLANG_WARN_BLOCK_CAPTURE_AUTORELEASING = YES;
				CLANG_WARN_BOOL_CONVERSION = YES;
				CLANG_WARN_COMMA = YES;
				CLANG_WARN_CONSTANT_CONVERSION = YES;
				CLANG_WARN_DEPRECATED_OBJC_IMPLEMENTATIONS = YES;
				CLANG_WARN_DIRECT_OBJC_ISA_USAGE = YES_ERROR;
				CLANG_WARN_DOCUMENTATION_COMMENTS = YES;
				CLANG_WARN_EMPTY_BODY = YES;
				CLANG_WARN_ENUM_CONVERSION = YES;
				CLANG_WARN_INFINITE_RECURSION = YES;
				CLANG_WARN_INT_CONVERSION = YES;
				CLANG_WARN_NON_LITERAL_NULL_CONVERSION = YES;
				CLANG_WARN_OBJC_IMPLICIT_RETAIN_SELF = YES;
				CLANG_WARN_OBJC_LITERAL_CONVERSION = YES;
				CLANG_WARN_OBJC_ROOT_CLASS = YES_ERROR;
				CLANG_WARN_QUOTED_INCLUDE_IN_FRAMEWORK_HEADER = YES;
				CLANG_WARN_RANGE_LOOP_ANALYSIS = YES;
				CLANG_WARN_STRICT_PROTOTYPES = YES;
				CLANG_WARN_SUSPICIOUS_MOVE = YES;
				CLANG_WARN_UNGUARDED_AVAILABILITY = YES_AGGRESSIVE;
				CLANG_WARN_UNREACHABLE_CODE = YES;
				CLANG_WARN__DUPLICATE_METHOD_MATCH = YES;
				COPY_PHASE_STRIP = NO;
				DEBUG_INFORMATION_FORMAT = "dwarf-with-dsym";
				ENABLE_NS_ASSERTIONS = NO;
				ENABLE_STRICT_OBJC_MSGSEND = YES;
				ENABLE_USER_SCRIPT_SANDBOXING = YES;
				GCC_C_LANGUAGE_STANDARD = gnu17;
				GCC_NO_COMMON_BLOCKS = YES;
				GCC_WARN_64_TO_32_BIT_CONVERSION = YES;
				GCC_WARN_ABOUT_RETURN_TYPE = YES_ERROR;
				GCC_WARN_UNDECLARED_SELECTOR = YES;
				GCC_WARN_UNINITIALIZED_AUTOS = YES_AGGRESSIVE;
				GCC_WARN_UNUSED_FUNCTION = YES;
				GCC_WARN_UNUSED_VARIABLE = YES;
				IPHONEOS_DEPLOYMENT_TARGET = 17.5;
				LOCALIZATION_PREFERS_STRING_CATALOGS = YES;
				MTL_ENABLE_DEBUG_INFO = NO;
				MTL_FAST_MATH = YES;
				SDKROOT = iphoneos;
				SWIFT_COMPILATION_MODE = wholemodule;
				VALIDATE_PRODUCT = YES;
			};
			name = Release;
		};
		B538AA4E2E0217C000D2E018 /* Debug */ = {
			isa = XCBuildConfiguration;
			buildSettings = {
				ASSETCATALOG_COMPILER_APPICON_NAME = AppIcon;
				ASSETCATALOG_COMPILER_GLOBAL_ACCENT_COLOR_NAME = AccentColor;
				CODE_SIGN_STYLE = Automatic;
				CURRENT_PROJECT_VERSION = 1;
				DEVELOPMENT_ASSET_PATHS = "\"Tend/Preview Content\"";
				ENABLE_PREVIEWS = YES;
				GENERATE_INFOPLIST_FILE = YES;
				INFOPLIST_KEY_UIApplicationSceneManifest_Generation = YES;
				INFOPLIST_KEY_UIApplicationSupportsIndirectInputEvents = YES;
				INFOPLIST_KEY_UILaunchScreen_Generation = YES;
				INFOPLIST_KEY_UISupportedInterfaceOrientations_iPad = "UIInterfaceOrientationPortrait UIInterfaceOrientationPortraitUpsideDown UIInterfaceOrientationLandscapeLeft UIInterfaceOrientationLandscapeRight";
				INFOPLIST_KEY_UISupportedInterfaceOrientations_iPhone = "UIInterfaceOrientationPortrait UIInterfaceOrientationLandscapeLeft UIInterfaceOrientationLandscapeRight";
				LD_RUNPATH_SEARCH_PATHS = (
					"$(inherited)",
					"@executable_path/Frameworks",
				);
				MARKETING_VERSION = 1.0;
				PRODUCT_BUNDLE_IDENTIFIER = fromscroobles.Tend;
				PRODUCT_NAME = "$(TARGET_NAME)";
				SWIFT_EMIT_LOC_STRINGS = YES;
				SWIFT_VERSION = 5.0;
				TARGETED_DEVICE_FAMILY = "1,2";
			};
			name = Debug;
		};
		B538AA4F2E0217C000D2E018 /* Release */ = {
			isa = XCBuildConfiguration;
			buildSettings = {
				ASSETCATALOG_COMPILER_APPICON_NAME = AppIcon;
				ASSETCATALOG_COMPILER_GLOBAL_ACCENT_COLOR_NAME = AccentColor;
				CODE_SIGN_STYLE = Automatic;
				CURRENT_PROJECT_VERSION = 1;
				DEVELOPMENT_ASSET_PATHS = "\"Tend/Preview Content\"";
				ENABLE_PREVIEWS = YES;
				GENERATE_INFOPLIST_FILE = YES;
				INFOPLIST_KEY_UIApplicationSceneManifest_Generation = YES;
				INFOPLIST_KEY_UIApplicationSupportsIndirectInputEvents = YES;
				INFOPLIST_KEY_UILaunchScreen_Generation = YES;
				INFOPLIST_KEY_UISupportedInterfaceOrientations_iPad = "UIInterfaceOrientationPortrait UIInterfaceOrientationPortraitUpsideDown UIInterfaceOrientationLandscapeLeft UIInterfaceOrientationLandscapeRight";
				INFOPLIST_KEY_UISupportedInterfaceOrientations_iPhone = "UIInterfaceOrientationPortrait UIInterfaceOrientationLandscapeLeft UIInterfaceOrientationLandscapeRight";
				LD_RUNPATH_SEARCH_PATHS = (
					"$(inherited)",
					"@executable_path/Frameworks",
				);
				MARKETING_VERSION = 1.0;
				PRODUCT_BUNDLE_IDENTIFIER = fromscroobles.Tend;
				PRODUCT_NAME = "$(TARGET_NAME)";
				SWIFT_EMIT_LOC_STRINGS = YES;
				SWIFT_VERSION = 5.0;
				TARGETED_DEVICE_FAMILY = "1,2";
			};
			name = Release;
		};
		B538AA512E0217C000D2E018 /* Debug */ = {
			isa = XCBuildConfiguration;
			buildSettings = {
				ALWAYS_EMBED_SWIFT_STANDARD_LIBRARIES = YES;
				BUNDLE_LOADER = "$(TEST_HOST)";
				CODE_SIGN_STYLE = Automatic;
				CURRENT_PROJECT_VERSION = 1;
				GENERATE_INFOPLIST_FILE = YES;
				IPHONEOS_DEPLOYMENT_TARGET = 17.5;
				MARKETING_VERSION = 1.0;
				PRODUCT_BUNDLE_IDENTIFIER = fromscroobles.TendTests;
				PRODUCT_NAME = "$(TARGET_NAME)";
				SWIFT_EMIT_LOC_STRINGS = NO;
				SWIFT_VERSION = 5.0;
				TARGETED_DEVICE_FAMILY = "1,2";
				TEST_HOST = "$(BUILT_PRODUCTS_DIR)/Tend.app/$(BUNDLE_EXECUTABLE_FOLDER_PATH)/Tend";
			};
			name = Debug;
		};
		B538AA522E0217C000D2E018 /* Release */ = {
			isa = XCBuildConfiguration;
			buildSettings = {
				ALWAYS_EMBED_SWIFT_STANDARD_LIBRARIES = YES;
				BUNDLE_LOADER = "$(TEST_HOST)";
				CODE_SIGN_STYLE = Automatic;
				CURRENT_PROJECT_VERSION = 1;
				GENERATE_INFOPLIST_FILE = YES;
				IPHONEOS_DEPLOYMENT_TARGET = 17.5;
				MARKETING_VERSION = 1.0;
				PRODUCT_BUNDLE_IDENTIFIER = fromscroobles.TendTests;
				PRODUCT_NAME = "$(TARGET_NAME)";
				SWIFT_EMIT_LOC_STRINGS = NO;
				SWIFT_VERSION = 5.0;
				TARGETED_DEVICE_FAMILY = "1,2";
				TEST_HOST = "$(BUILT_PRODUCTS_DIR)/Tend.app/$(BUNDLE_EXECUTABLE_FOLDER_PATH)/Tend";
			};
			name = Release;
		};
		B538AA542E0217C000D2E018 /* Debug */ = {
			isa = XCBuildConfiguration;
			buildSettings = {
				ALWAYS_EMBED_SWIFT_STANDARD_LIBRARIES = YES;
				CODE_SIGN_STYLE = Automatic;
				CURRENT_PROJECT_VERSION = 1;
				GENERATE_INFOPLIST_FILE = YES;
				MARKETING_VERSION = 1.0;
				PRODUCT_BUNDLE_IDENTIFIER = fromscroobles.TendUITests;
				PRODUCT_NAME = "$(TARGET_NAME)";
				SWIFT_EMIT_LOC_STRINGS = NO;
				SWIFT_VERSION = 5.0;
				TARGETED_DEVICE_FAMILY = "1,2";
				TEST_TARGET_NAME = Tend;
			};
			name = Debug;
		};
		B538AA552E0217C000D2E018 /* Release */ = {
			isa = XCBuildConfiguration;
			buildSettings = {
				ALWAYS_EMBED_SWIFT_STANDARD_LIBRARIES = YES;
				CODE_SIGN_STYLE = Automatic;
				CURRENT_PROJECT_VERSION = 1;
				GENERATE_INFOPLIST_FILE = YES;
				MARKETING_VERSION = 1.0;
				PRODUCT_BUNDLE_IDENTIFIER = fromscroobles.TendUITests;
				PRODUCT_NAME = "$(TARGET_NAME)";
				SWIFT_EMIT_LOC_STRINGS = NO;
				SWIFT_VERSION = 5.0;
				TARGETED_DEVICE_FAMILY = "1,2";
				TEST_TARGET_NAME = Tend;
			};
			name = Release;
		};
/* End XCBuildConfiguration section */

/* Begin XCConfigurationList section */
		B538AA242E0217BF00D2E018 /* Build configuration list for PBXProject "Tend" */ = {
			isa = XCConfigurationList;
			buildConfigurations = (
				B538AA4B2E0217C000D2E018 /* Debug */,
				B538AA4C2E0217C000D2E018 /* Release */,
			);
			defaultConfigurationIsVisible = 0;
			defaultConfigurationName = Release;
		};
		B538AA4D2E0217C000D2E018 /* Build configuration list for PBXNativeTarget "Tend" */ = {
			isa = XCConfigurationList;
			buildConfigurations = (
				B538AA4E2E0217C000D2E018 /* Debug */,
				B538AA4F2E0217C000D2E018 /* Release */,
			);
			defaultConfigurationIsVisible = 0;
			defaultConfigurationName = Release;
		};
		B538AA502E0217C000D2E018 /* Build configuration list for PBXNativeTarget "TendTests" */ = {
			isa = XCConfigurationList;
			buildConfigurations = (
				B538AA512E0217C000D2E018 /* Debug */,
				B538AA522E0217C000D2E018 /* Release */,
			);
			defaultConfigurationIsVisible = 0;
			defaultConfigurationName = Release;
		};
		B538AA532E0217C000D2E018 /* Build configuration list for PBXNativeTarget "TendUITests" */ = {
			isa = XCConfigurationList;
			buildConfigurations = (
				B538AA542E0217C000D2E018 /* Debug */,
				B538AA552E0217C000D2E018 /* Release */,
			);
			defaultConfigurationIsVisible = 0;
			defaultConfigurationName = Release;
		};
/* End XCConfigurationList section */
	};
	rootObject = B538AA212E0217BF00D2E018 /* Project object */;
}
