// !$*UTF8*$!
{
	archiveVersion = 1;
	classes = {
	};
	objectVersion = 56;
	objects = {

/* Begin PBXBuildFile section */
		B538AA2D2E0217BF00D2E018 /* TendApp.swift in Sources */ = {isa = PBXBuildFile; fileRef = B538AA2C2E0217BF00D2E018 /* TendApp.swift */; };
		B538AA312E0217C000D2E018 /* Assets.xcassets in Resources */ = {isa = PBXBuildFile; fileRef = B538AA302E0217C000D2E018 /* Assets.xcassets */; };
		B538AA342E0217C000D2E018 /* Preview Assets.xcassets in Resources */ = {isa = PBXBuildFile; fileRef = B538AA332E0217C000D2E018 /* Preview Assets.xcassets */; };
		B538AA3E2E0217C000D2E018 /* TendTests.swift in Sources */ = {isa = PBXBuildFile; fileRef = B538AA3D2E0217C000D2E018 /* TendTests.swift */; };
		B538AA482E0217C000D2E018 /* TendUITests.swift in Sources */ = {isa = PBXBuildFile; fileRef = B538AA472E0217C000D2E018 /* TendUITests.swift */; };
		B538AA4A2E0217C000D2E018 /* TendUITestsLaunchTests.swift in Sources */ = {isa = PBXBuildFile; fileRef = B538AA492E0217C000D2E018 /* TendUITestsLaunchTests.swift */; };
		B538AA582E02195500D2E018 /* Auth in Frameworks */ = {isa = PBXBuildFile; productRef = B538AA572E02195500D2E018 /* Auth */; };
		B538AA5A2E02195500D2E018 /* Functions in Frameworks */ = {isa = PBXBuildFile; productRef = B538AA592E02195500D2E018 /* Functions */; };
		B538AA5C2E02195500D2E018 /* PostgREST in Frameworks */ = {isa = PBXBuildFile; productRef = B538AA5B2E02195500D2E018 /* PostgREST */; };
		B538AA5E2E02195500D2E018 /* Realtime in Frameworks */ = {isa = PBXBuildFile; productRef = B538AA5D2E02195500D2E018 /* Realtime */; };
		B538AA602E02195500D2E018 /* Storage in Frameworks */ = {isa = PBXBuildFile; productRef = B538AA5F2E02195500D2E018 /* Storage */; };
		B538AA6E2E02199600D2E018 /* Supabase.swift in Sources */ = {isa = PBXBuildFile; fileRef = B538AA6D2E02199600D2E018 /* Supabase.swift */; };
		B538AA722E021AF700D2E018 /* Supabase in Frameworks */ = {isa = PBXBuildFile; productRef = B538AA712E021AF700D2E018 /* Supabase */; };
		B538AA752E021B1300D2E018 /* AuthView.swift in Sources */ = {isa = PBXBuildFile; fileRef = B538AA742E021B1300D2E018 /* AuthView.swift */; };
		B538AA772E021CCD00D2E018 /* Theme.swift in Sources */ = {isa = PBXBuildFile; fileRef = B538AA762E021CCD00D2E018 /* Theme.swift */; };
		B538AA792E021D6700D2E018 /* ProfileView.swift in Sources */ = {isa = PBXBuildFile; fileRef = B538AA782E021D6700D2E018 /* ProfileView.swift */; };
		B538AA7C2E02206400D2E018 /* Models.swift in Sources */ = {isa = PBXBuildFile; fileRef = B538AA7B2E02206400D2E018 /* Models.swift */; };
		B538AA7F2E02208900D2E018 /* AppView.swift in Sources */ = {isa = PBXBuildFile; fileRef = B538AA7E2E02208900D2E018 /* AppView.swift */; };
		B538AA812E02237A00D2E018 /* OnboardingView.swift in Sources */ = {isa = PBXBuildFile; fileRef = B538AA802E02237A00D2E018 /* OnboardingView.swift */; };
		B538AA842E0274A000D2E018 /* CreateProjectView.swift in Sources */ = {isa = PBXBuildFile; fileRef = B538AA832E0274A000D2E018 /* CreateProjectView.swift */; };
		B538AA862E02758F00D2E018 /* CreateTaskGroupView.swift in Sources */ = {isa = PBXBuildFile; fileRef = B538AA852E02758F00D2E018 /* CreateTaskGroupView.swift */; };
		B538AA882E0275AC00D2E018 /* CreateTaskView.swift in Sources */ = {isa = PBXBuildFile; fileRef = B538AA872E0275AC00D2E018 /* CreateTaskView.swift */; };
		B538AA8B2E0277AD00D2E018 /* BottomNavigation.swift in Sources */ = {isa = PBXBuildFile; fileRef = B538AA8A2E0277AD00D2E018 /* BottomNavigation.swift */; };
		B538AA8D2E02787300D2E018 /* Tests.swift in Sources */ = {isa = PBXBuildFile; fileRef = B538AA8C2E02787300D2E018 /* Tests.swift */; };
		B538AA8F2E02806700D2E018 /* HomeView.swift in Sources */ = {isa = PBXBuildFile; fileRef = B538AA8E2E02806700D2E018 /* HomeView.swift */; };
		B538AA912E0283FD00D2E018 /* ArchiveView.swift in Sources */ = {isa = PBXBuildFile; fileRef = B538AA902E0283FD00D2E018 /* ArchiveView.swift */; };
		B538AA942E0317E800D2E018 /* ProjectDetailView.swift in Sources */ = {isa = PBXBuildFile; fileRef = B538AA932E0317E800D2E018 /* ProjectDetailView.swift */; };
		B56AC4022E2627C500979632 /* FocusMode.swift in Sources */ = {isa = PBXBuildFile; fileRef = B56AC4012E2627C300979632 /* FocusMode.swift */; };
		B56AC4052E262AAC00979632 /* NeuStyle.swift in Sources */ = {isa = PBXBuildFile; fileRef = B56AC4042E262AAA00979632 /* NeuStyle.swift */; };
		B56AC4072E262BFF00979632 /* Focus.swift in Sources */ = {isa = PBXBuildFile; fileRef = B56AC4062E262BFE00979632 /* Focus.swift */; };
		B56AC4092E262DC700979632 /* CategoryPicker.swift in Sources */ = {isa = PBXBuildFile; fileRef = B56AC4082E262DC400979632 /* CategoryPicker.swift */; };
		B56AC40C2E262DE700979632 /* TodoListView.swift in Sources */ = {isa = PBXBuildFile; fileRef = B56AC40B2E262DE400979632 /* TodoListView.swift */; };
		B56AC40E2E262DFF00979632 /* SessionTimer.swift in Sources */ = {isa = PBXBuildFile; fileRef = B56AC40D2E262DFD00979632 /* SessionTimer.swift */; };
		B56AC4102E262E0900979632 /* EndSession.swift in Sources */ = {isa = PBXBuildFile; fileRef = B56AC40F2E262E0700979632 /* EndSession.swift */; };
		B56AC4122E262E1500979632 /* PreviousSessions.swift in Sources */ = {isa = PBXBuildFile; fileRef = B56AC4112E262E1300979632 /* PreviousSessions.swift */; };
		B56AC4142E26359100979632 /* TodoArchive.swift in Sources */ = {isa = PBXBuildFile; fileRef = B56AC4132E26358F00979632 /* TodoArchive.swift */; };
/* End PBXBuildFile section */

/* Begin PBXContainerItemProxy section */
		B538AA3A2E0217C000D2E018 /* PBXContainerItemProxy */ = {
			isa = PBXContainerItemProxy;
			containerPortal = B538AA212E0217BF00D2E018 /* Project object */;
			proxyType = 1;
			remoteGlobalIDString = B538AA282E0217BF00D2E018;
			remoteInfo = Tend;
		};
		B538AA442E0217C000D2E018 /* PBXContainerItemProxy */ = {
			isa = PBXContainerItemProxy;
			containerPortal = B538AA212E0217BF00D2E018 /* Project object */;
			proxyType = 1;
			remoteGlobalIDString = B538AA282E0217BF00D2E018;
			remoteInfo = Tend;
		};
/* End PBXContainerItemProxy section */

/* Begin PBXFileReference section */
		B538AA292E0217BF00D2E018 /* Tend.app */ = {isa = PBXFileReference; explicitFileType = wrapper.application; includeInIndex = 0; path = Tend.app; sourceTree = BUILT_PRODUCTS_DIR; };
		B538AA2C2E0217BF00D2E018 /* TendApp.swift */ = {isa = PBXFileReference; lastKnownFileType = sourcecode.swift; path = TendApp.swift; sourceTree = "<group>"; };
		B538AA302E0217C000D2E018 /* Assets.xcassets */ = {isa = PBXFileReference; lastKnownFileType = folder.assetcatalog; path = Assets.xcassets; sourceTree = "<group>"; };
		B538AA332E0217C000D2E018 /* Preview Assets.xcassets */ = {isa = PBXFileReference; lastKnownFileType = folder.assetcatalog; path = "Preview Assets.xcassets"; sourceTree = "<group>"; };
		B538AA392E0217C000D2E018 /* TendTests.xctest */ = {isa = PBXFileReference; explicitFileType = wrapper.cfbundle; includeInIndex = 0; path = TendTests.xctest; sourceTree = BUILT_PRODUCTS_DIR; };
		B538AA3D2E0217C000D2E018 /* TendTests.swift */ = {isa = PBXFileReference; lastKnownFileType = sourcecode.swift; path = TendTests.swift; sourceTree = "<group>"; };
		B538AA432E0217C000D2E018 /* TendUITests.xctest */ = {isa = PBXFileReference; explicitFileType = wrapper.cfbundle; includeInIndex = 0; path = TendUITests.xctest; sourceTree = BUILT_PRODUCTS_DIR; };
		B538AA472E0217C000D2E018 /* TendUITests.swift */ = {isa = PBXFileReference; lastKnownFileType = sourcecode.swift; path = TendUITests.swift; sourceTree = "<group>"; };
		B538AA492E0217C000D2E018 /* TendUITestsLaunchTests.swift */ = {isa = PBXFileReference; lastKnownFileType = sourcecode.swift; path = TendUITestsLaunchTests.swift; sourceTree = "<group>"; };
		B538AA6D2E02199600D2E018 /* Supabase.swift */ = {isa = PBXFileReference; lastKnownFileType = sourcecode.swift; path = Supabase.swift; sourceTree = "<group>"; };
		B538AA742E021B1300D2E018 /* AuthView.swift */ = {isa = PBXFileReference; lastKnownFileType = sourcecode.swift; path = AuthView.swift; sourceTree = "<group>"; };
		B538AA762E021CCD00D2E018 /* Theme.swift */ = {isa = PBXFileReference; lastKnownFileType = sourcecode.swift; path = Theme.swift; sourceTree = "<group>"; };
		B538AA782E021D6700D2E018 /* ProfileView.swift */ = {isa = PBXFileReference; lastKnownFileType = sourcecode.swift; path = ProfileView.swift; sourceTree = "<group>"; };
		B538AA7B2E02206400D2E018 /* Models.swift */ = {isa = PBXFileReference; lastKnownFileType = sourcecode.swift; path = Models.swift; sourceTree = "<group>"; };
		B538AA7E2E02208900D2E018 /* AppView.swift */ = {isa = PBXFileReference; lastKnownFileType = sourcecode.swift; path = AppView.swift; sourceTree = "<group>"; };
		B538AA802E02237A00D2E018 /* OnboardingView.swift */ = {isa = PBXFileReference; lastKnownFileType = sourcecode.swift; path = OnboardingView.swift; sourceTree = "<group>"; };
		B538AA832E0274A000D2E018 /* CreateProjectView.swift */ = {isa = PBXFileReference; lastKnownFileType = sourcecode.swift; path = CreateProjectView.swift; sourceTree = "<group>"; };
		B538AA852E02758F00D2E018 /* CreateTaskGroupView.swift */ = {isa = PBXFileReference; lastKnownFileType = sourcecode.swift; path = CreateTaskGroupView.swift; sourceTree = "<group>"; };
		B538AA872E0275AC00D2E018 /* CreateTaskView.swift */ = {isa = PBXFileReference; lastKnownFileType = sourcecode.swift; path = CreateTaskView.swift; sourceTree = "<group>"; };
		B538AA8A2E0277AD00D2E018 /* BottomNavigation.swift */ = {isa = PBXFileReference; lastKnownFileType = sourcecode.swift; path = BottomNavigation.swift; sourceTree = "<group>"; };
		B538AA8C2E02787300D2E018 /* Tests.swift */ = {isa = PBXFileReference; lastKnownFileType = sourcecode.swift; path = Tests.swift; sourceTree = "<group>"; };
		B538AA8E2E02806700D2E018 /* HomeView.swift */ = {isa = PBXFileReference; lastKnownFileType = sourcecode.swift; path = HomeView.swift; sourceTree = "<group>"; };
		B538AA902E0283FD00D2E018 /* ArchiveView.swift */ = {isa = PBXFileReference; lastKnownFileType = sourcecode.swift; path = ArchiveView.swift; sourceTree = "<group>"; };
		B538AA932E0317E800D2E018 /* ProjectDetailView.swift */ = {isa = PBXFileReference; lastKnownFileType = sourcecode.swift; path = ProjectDetailView.swift; sourceTree = "<group>"; };
		B56AC4012E2627C300979632 /* FocusMode.swift */ = {isa = PBXFileReference; lastKnownFileType = sourcecode.swift; path = FocusMode.swift; sourceTree = "<group>"; };
		B56AC4042E262AAA00979632 /* NeuStyle.swift */ = {isa = PBXFileReference; lastKnownFileType = sourcecode.swift; path = NeuStyle.swift; sourceTree = "<group>"; };
		B56AC4062E262BFE00979632 /* Focus.swift */ = {isa = PBXFileReference; lastKnownFileType = sourcecode.swift; path = Focus.swift; sourceTree = "<group>"; };
		B56AC4082E262DC400979632 /* CategoryPicker.swift */ = {isa = PBXFileReference; lastKnownFileType = sourcecode.swift; path = CategoryPicker.swift; sourceTree = "<group>"; };
		B56AC40B2E262DE400979632 /* TodoListView.swift */ = {isa = PBXFileReference; lastKnownFileType = sourcecode.swift; path = TodoListView.swift; sourceTree = "<group>"; };
		B56AC40D2E262DFD00979632 /* SessionTimer.swift */ = {isa = PBXFileReference; lastKnownFileType = sourcecode.swift; path = SessionTimer.swift; sourceTree = "<group>"; };
		B56AC40F2E262E0700979632 /* EndSession.swift */ = {isa = PBXFileReference; lastKnownFileType = sourcecode.swift; path = EndSession.swift; sourceTree = "<group>"; };
		B56AC4112E262E1300979632 /* PreviousSessions.swift */ = {isa = PBXFileReference; lastKnownFileType = sourcecode.swift; path = PreviousSessions.swift; sourceTree = "<group>"; };
		B56AC4132E26358F00979632 /* TodoArchive.swift */ = {isa = PBXFileReference; lastKnownFileType = sourcecode.swift; path = TodoArchive.swift; sourceTree = "<group>"; };
/* End PBXFileReference section */

/* Begin PBXFrameworksBuildPhase section */
		B538AA262E0217BF00D2E018 /* Frameworks */ = {
			isa = PBXFrameworksBuildPhase;
			buildActionMask = 2147483647;
			files = (
				B538AA5C2E02195500D2E018 /* PostgREST in Frameworks */,
				B538AA5A2E02195500D2E018 /* Functions in Frameworks */,
				B538AA722E021AF700D2E018 /* Supabase in Frameworks */,
				B538AA582E02195500D2E018 /* Auth in Frameworks */,
				B538AA602E02195500D2E018 /* Storage in Frameworks */,
				B538AA5E2E02195500D2E018 /* Realtime in Frameworks */,
			);
			runOnlyForDeploymentPostprocessing = 0;
		};
		B538AA362E0217C000D2E018 /* Frameworks */ = {
			isa = PBXFrameworksBuildPhase;
			buildActionMask = 2147483647;
			files = (
			);
			runOnlyForDeploymentPostprocessing = 0;
		};
		B538AA402E0217C000D2E018 /* Frameworks */ = {
			isa = PBXFrameworksBuildPhase;
			buildActionMask = 2147483647;
			files = (
			);
			runOnlyForDeploymentPostprocessing = 0;
		};
/* End PBXFrameworksBuildPhase section */

/* Begin PBXGroup section */
		B538AA202E0217BF00D2E018 = {
			isa = PBXGroup;
			children = (
				B538AA2B2E0217BF00D2E018 /* Tend */,
				B538AA3C2E0217C000D2E018 /* TendTests */,
				B538AA462E0217C000D2E018 /* TendUITests */,
				B538AA2A2E0217BF00D2E018 /* Products */,
				B538AA702E021AF700D2E018 /* Frameworks */,
			);
			sourceTree = "<group>";
		};
		B538AA2A2E0217BF00D2E018 /* Products */ = {
			isa = PBXGroup;
			children = (
				B538AA292E0217BF00D2E018 /* Tend.app */,
				B538AA392E0217C000D2E018 /* TendTests.xctest */,
				B538AA432E0217C000D2E018 /* TendUITests.xctest */,
			);
			name = Products;
			sourceTree = "<group>";
		};
		B538AA2B2E0217BF00D2E018 /* Tend */ = {
			isa = PBXGroup;
			children = (
				B56AC40A2E262DDD00979632 /* Todos */,
				B56AC4032E262AA400979632 /* UICommon */,
				B538AA892E02779F00D2E018 /* Layout */,
				B538AA822E02747700D2E018 /* Create */,
				B538AA7D2E02208100D2E018 /* Views */,
				B538AA7A2E02205C00D2E018 /* Models */,
				B538AA732E021B0A00D2E018 /* Authentication */,
				B538AA2C2E0217BF00D2E018 /* TendApp.swift */,
				B538AA302E0217C000D2E018 /* Assets.xcassets */,
				B538AA322E0217C000D2E018 /* Preview Content */,
				B538AA6D2E02199600D2E018 /* Supabase.swift */,
				B538AA762E021CCD00D2E018 /* Theme.swift */,
			);
			path = Tend;
			sourceTree = "<group>";
		};
		B538AA322E0217C000D2E018 /* Preview Content */ = {
			isa = PBXGroup;
			children = (
				B538AA332E0217C000D2E018 /* Preview Assets.xcassets */,
			);
			path = "Preview Content";
			sourceTree = "<group>";
		};
		B538AA3C2E0217C000D2E018 /* TendTests */ = {
			isa = PBXGroup;
			children = (
				B538AA3D2E0217C000D2E018 /* TendTests.swift */,
			);
			path = TendTests;
			sourceTree = "<group>";
		};
		B538AA462E0217C000D2E018 /* TendUITests */ = {
			isa = PBXGroup;
			children = (
				B538AA472E0217C000D2E018 /* TendUITests.swift */,
				B538AA492E0217C000D2E018 /* TendUITestsLaunchTests.swift */,
			);
			path = TendUITests;
			sourceTree = "<group>";
		};
		B538AA702E021AF700D2E018 /* Frameworks */ = {
			isa = PBXGroup;
			children = (
			);
			name = Frameworks;
			sourceTree = "<group>";
		};
		B538AA732E021B0A00D2E018 /* Authentication */ = {
			isa = PBXGroup;
			children = (
				B538AA742E021B1300D2E018 /* AuthView.swift */,
				B538AA782E021D6700D2E018 /* ProfileView.swift */,
			);
			path = Authentication;
			sourceTree = "<group>";
		};
		B538AA7A2E02205C00D2E018 /* Models */ = {
			isa = PBXGroup;
			children = (
				B56AC4062E262BFE00979632 /* Focus.swift */,
				B538AA7B2E02206400D2E018 /* Models.swift */,
			);
			path = Models;
			sourceTree = "<group>";
		};
		B538AA7D2E02208100D2E018 /* Views */ = {
			isa = PBXGroup;
			children = (
				B56AC4002E2627C000979632 /* Focus */,
				B538AA922E0317DE00D2E018 /* Projects */,
				B538AA7E2E02208900D2E018 /* AppView.swift */,
				B538AA802E02237A00D2E018 /* OnboardingView.swift */,
				B538AA8E2E02806700D2E018 /* HomeView.swift */,
				B538AA902E0283FD00D2E018 /* ArchiveView.swift */,
			);
			path = Views;
			sourceTree = "<group>";
		};
		B538AA822E02747700D2E018 /* Create */ = {
			isa = PBXGroup;
			children = (
				B56AC4082E262DC400979632 /* CategoryPicker.swift */,
				B538AA832E0274A000D2E018 /* CreateProjectView.swift */,
				B538AA852E02758F00D2E018 /* CreateTaskGroupView.swift */,
				B538AA872E0275AC00D2E018 /* CreateTaskView.swift */,
			);
			path = Create;
			sourceTree = "<group>";
		};
		B538AA892E02779F00D2E018 /* Layout */ = {
			isa = PBXGroup;
			children = (
				B538AA8A2E0277AD00D2E018 /* BottomNavigation.swift */,
				B538AA8C2E02787300D2E018 /* Tests.swift */,
			);
			path = Layout;
			sourceTree = "<group>";
		};
		B538AA922E0317DE00D2E018 /* Projects */ = {
			isa = PBXGroup;
			children = (
				B538AA932E0317E800D2E018 /* ProjectDetailView.swift */,
			);
			path = Projects;
			sourceTree = "<group>";
		};
		B56AC4002E2627C000979632 /* Focus */ = {
			isa = PBXGroup;
			children = (
				B56AC4112E262E1300979632 /* PreviousSessions.swift */,
				B56AC40F2E262E0700979632 /* EndSession.swift */,
				B56AC40D2E262DFD00979632 /* SessionTimer.swift */,
				B56AC4012E2627C300979632 /* FocusMode.swift */,
			);
			path = Focus;
			sourceTree = "<group>";
		};
		B56AC4032E262AA400979632 /* UICommon */ = {
			isa = PBXGroup;
			children = (
				B56AC4042E262AAA00979632 /* NeuStyle.swift */,
			);
			path = UICommon;
			sourceTree = "<group>";
		};
		B56AC40A2E262DDD00979632 /* Todos */ = {
			isa = PBXGroup;
			children = (
				B56AC4132E26358F00979632 /* TodoArchive.swift */,
				B56AC40B2E262DE400979632 /* TodoListView.swift */,
			);
			path = Todos;
			sourceTree = "<group>";
		};
/* End PBXGroup section */

/* Begin PBXNativeTarget section */
		B538AA282E0217BF00D2E018 /* Tend */ = {
			isa = PBXNativeTarget;
			buildConfigurationList = B538AA4D2E0217C000D2E018 /* Build configuration list for PBXNativeTarget "Tend" */;
			buildPhases = (
				B538AA252E0217BF00D2E018 /* Sources */,
				B538AA262E0217BF00D2E018 /* Frameworks */,
				B538AA272E0217BF00D2E018 /* Resources */,
			);
			buildRules = (
			);
			dependencies = (
				B538AA622E02196200D2E018 /* PBXTargetDependency */,
			);
			name = Tend;
			packageProductDependencies = (
				B538AA572E02195500D2E018 /* Auth */,
				B538AA592E02195500D2E018 /* Functions */,
				B538AA5B2E02195500D2E018 /* PostgREST */,
				B538AA5D2E02195500D2E018 /* Realtime */,
				B538AA5F2E02195500D2E018 /* Storage */,
				B538AA712E021AF700D2E018 /* Supabase */,
			);
			productName = Tend;
			productReference = B538AA292E0217BF00D2E018 /* Tend.app */;
			productType = "com.apple.product-type.application";
		};
		B538AA382E0217C000D2E018 /* TendTests */ = {
			isa = PBXNativeTarget;
			buildConfigurationList = B538AA502E0217C000D2E018 /* Build configuration list for PBXNativeTarget "TendTests" */;
			buildPhases = (
				B538AA352E0217C000D2E018 /* Sources */,
				B538AA362E0217C000D2E018 /* Frameworks */,
				B538AA372E0217C000D2E018 /* Resources */,
			);
			buildRules = (
			);
			dependencies = (
				B538AA3B2E0217C000D2E018 /* PBXTargetDependency */,
			);
			name = TendTests;
			productName = TendTests;
			productReference = B538AA392E0217C000D2E018 /* TendTests.xctest */;
			productType = "com.apple.product-type.bundle.unit-test";
		};
		B538AA422E0217C000D2E018 /* TendUITests */ = {
			isa = PBXNativeTarget;
			buildConfigurationList = B538AA532E0217C000D2E018 /* Build configuration list for PBXNativeTarget "TendUITests" */;
			buildPhases = (
				B538AA3F2E0217C000D2E018 /* Sources */,
				B538AA402E0217C000D2E018 /* Frameworks */,
				B538AA412E0217C000D2E018 /* Resources */,
			);
			buildRules = (
			);
			dependencies = (
				B538AA452E0217C000D2E018 /* PBXTargetDependency */,
			);
			name = TendUITests;
			productName = TendUITests;
			productReference = B538AA432E0217C000D2E018 /* TendUITests.xctest */;
			productType = "com.apple.product-type.bundle.ui-testing";
		};
/* End PBXNativeTarget section */

/* Begin PBXProject section */
		B538AA212E0217BF00D2E018 /* Project object */ = {
			isa = PBXProject;
			attributes = {
				BuildIndependentTargetsInParallel = 1;
				LastSwiftUpdateCheck = 1540;
				LastUpgradeCheck = 1540;
				TargetAttributes = {
					B538AA282E0217BF00D2E018 = {
						CreatedOnToolsVersion = 15.4;
					};
					B538AA382E0217C000D2E018 = {
						CreatedOnToolsVersion = 15.4;
						TestTargetID = B538AA282E0217BF00D2E018;
					};
					B538AA422E0217C000D2E018 = {
						CreatedOnToolsVersion = 15.4;
						TestTargetID = B538AA282E0217BF00D2E018;
					};
				};
			};
			buildConfigurationList = B538AA242E0217BF00D2E018 /* Build configuration list for PBXProject "Tend" */;
			compatibilityVersion = "Xcode 14.0";
			developmentRegion = en;
			hasScannedForEncodings = 0;
			knownRegions = (
				en,
				Base,
			);
			mainGroup = B538AA202E0217BF00D2E018;
			packageReferences = (
				B538AA562E02195500D2E018 /* XCRemoteSwiftPackageReference "supabase-swift" */,
			);
			productRefGroup = B538AA2A2E0217BF00D2E018 /* Products */;
			projectDirPath = "";
			projectRoot = "";
			targets = (
				B538AA282E0217BF00D2E018 /* Tend */,
				B538AA382E0217C000D2E018 /* TendTests */,
				B538AA422E0217C000D2E018 /* TendUITests */,
			);
		};
/* End PBXProject section */

/* Begin PBXResourcesBuildPhase section */
		B538AA272E0217BF00D2E018 /* Resources */ = {
			isa = PBXResourcesBuildPhase;
			buildActionMask = 2147483647;
			files = (
				B538AA342E0217C000D2E018 /* Preview Assets.xcassets in Resources */,
				B538AA312E0217C000D2E018 /* Assets.xcassets in Resources */,
			);
			runOnlyForDeploymentPostprocessing = 0;
		};
		B538AA372E0217C000D2E018 /* Resources */ = {
			isa = PBXResourcesBuildPhase;
			buildActionMask = 2147483647;
			files = (
			);
			runOnlyForDeploymentPostprocessing = 0;
		};
		B538AA412E0217C000D2E018 /* Resources */ = {
			isa = PBXResourcesBuildPhase;
			buildActionMask = 2147483647;
			files = (
			);
			runOnlyForDeploymentPostprocessing = 0;
		};
/* End PBXResourcesBuildPhase section */

/* Begin PBXSourcesBuildPhase section */
		B538AA252E0217BF00D2E018 /* Sources */ = {
			isa = PBXSourcesBuildPhase;
			buildActionMask = 2147483647;
			files = (
				B538AA842E0274A000D2E018 /* CreateProjectView.swift in Sources */,
				B538AA8F2E02806700D2E018 /* HomeView.swift in Sources */,
				B56AC40E2E262DFF00979632 /* SessionTimer.swift in Sources */,
				B56AC4072E262BFF00979632 /* Focus.swift in Sources */,
				B56AC4142E26359100979632 /* TodoArchive.swift in Sources */,
				B56AC4052E262AAC00979632 /* NeuStyle.swift in Sources */,
				B56AC4122E262E1500979632 /* PreviousSessions.swift in Sources */,
				B538AA862E02758F00D2E018 /* CreateTaskGroupView.swift in Sources */,
				B538AA8B2E0277AD00D2E018 /* BottomNavigation.swift in Sources */,
				B538AA6E2E02199600D2E018 /* Supabase.swift in Sources */,
				B56AC4092E262DC700979632 /* CategoryPicker.swift in Sources */,
				B538AA772E021CCD00D2E018 /* Theme.swift in Sources */,
				B56AC4022E2627C500979632 /* FocusMode.swift in Sources */,
				B538AA752E021B1300D2E018 /* AuthView.swift in Sources */,
				B56AC40C2E262DE700979632 /* TodoListView.swift in Sources */,
				B538AA942E0317E800D2E018 /* ProjectDetailView.swift in Sources */,
				B538AA912E0283FD00D2E018 /* ArchiveView.swift in Sources */,
				B538AA7F2E02208900D2E018 /* AppView.swift in Sources */,
				B538AA792E021D6700D2E018 /* ProfileView.swift in Sources */,
				B538AA812E02237A00D2E018 /* OnboardingView.swift in Sources */,
				B538AA882E0275AC00D2E018 /* CreateTaskView.swift in Sources */,
				B538AA2D2E0217BF00D2E018 /* TendApp.swift in Sources */,
				B56AC4102E262E0900979632 /* EndSession.swift in Sources */,
				B538AA8D2E02787300D2E018 /* Tests.swift in Sources */,
				B538AA7C2E02206400D2E018 /* Models.swift in Sources */,
			);
			runOnlyForDeploymentPostprocessing = 0;
		};
		B538AA352E0217C000D2E018 /* Sources */ = {
			isa = PBXSourcesBuildPhase;
			buildActionMask = 2147483647;
			files = (
				B538AA3E2E0217C000D2E018 /* TendTests.swift in Sources */,
			);
			runOnlyForDeploymentPostprocessing = 0;
		};
		B538AA3F2E0217C000D2E018 /* Sources */ = {
			isa = PBXSourcesBuildPhase;
			buildActionMask = 2147483647;
			files = (
				B538AA482E0217C000D2E018 /* TendUITests.swift in Sources */,
				B538AA4A2E0217C000D2E018 /* TendUITestsLaunchTests.swift in Sources */,
			);
			runOnlyForDeploymentPostprocessing = 0;
		};
/* End PBXSourcesBuildPhase section */

/* Begin PBXTargetDependency section */
		B538AA3B2E0217C000D2E018 /* PBXTargetDependency */ = {
			isa = PBXTargetDependency;
			target = B538AA282E0217BF00D2E018 /* Tend */;
			targetProxy = B538AA3A2E0217C000D2E018 /* PBXContainerItemProxy */;
		};
		B538AA452E0217C000D2E018 /* PBXTargetDependency */ = {
			isa = PBXTargetDependency;
			target = B538AA282E0217BF00D2E018 /* Tend */;
			targetProxy = B538AA442E0217C000D2E018 /* PBXContainerItemProxy */;
		};
		B538AA622E02196200D2E018 /* PBXTargetDependency */ = {
			isa = PBXTargetDependency;
			productRef = B538AA612E02196200D2E018 /* Supabase */;
		};
/* End PBXTargetDependency section */

/* Begin XCBuildConfiguration section */
		B538AA4B2E0217C000D2E018 /* Debug */ = {
			isa = XCBuildConfiguration;
			buildSettings = {
				ALWAYS_SEARCH_USER_PATHS = NO;
				ASSETCATALOG_COMPILER_GENERATE_SWIFT_ASSET_SYMBOL_EXTENSIONS = YES;
				CLANG_ANALYZER_NONNULL = YES;
				CLANG_ANALYZER_NUMBER_OBJECT_CONVERSION = YES_AGGRESSIVE;
				CLANG_CXX_LANGUAGE_STANDARD = "gnu++20";
				CLANG_ENABLE_MODULES = YES;
				CLANG_ENABLE_OBJC_ARC = YES;
				CLANG_ENABLE_OBJC_WEAK = YES;
				CLANG_WARN_BLOCK_CAPTURE_AUTORELEASING = YES;
				CLANG_WARN_BOOL_CONVERSION = YES;
				CLANG_WARN_COMMA = YES;
				CLANG_WARN_CONSTANT_CONVERSION = YES;
				CLANG_WARN_DEPRECATED_OBJC_IMPLEMENTATIONS = YES;
				CLANG_WARN_DIRECT_OBJC_ISA_USAGE = YES_ERROR;
				CLANG_WARN_DOCUMENTATION_COMMENTS = YES;
				CLANG_WARN_EMPTY_BODY = YES;
				CLANG_WARN_ENUM_CONVERSION = YES;
				CLANG_WARN_INFINITE_RECURSION = YES;
				CLANG_WARN_INT_CONVERSION = YES;
				CLANG_WARN_NON_LITERAL_NULL_CONVERSION = YES;
				CLANG_WARN_OBJC_IMPLICIT_RETAIN_SELF = YES;
				CLANG_WARN_OBJC_LITERAL_CONVERSION = YES;
				CLANG_WARN_OBJC_ROOT_CLASS = YES_ERROR;
				CLANG_WARN_QUOTED_INCLUDE_IN_FRAMEWORK_HEADER = YES;
				CLANG_WARN_RANGE_LOOP_ANALYSIS = YES;
				CLANG_WARN_STRICT_PROTOTYPES = YES;
				CLANG_WARN_SUSPICIOUS_MOVE = YES;
				CLANG_WARN_UNGUARDED_AVAILABILITY = YES_AGGRESSIVE;
				CLANG_WARN_UNREACHABLE_CODE = YES;
				CLANG_WARN__DUPLICATE_METHOD_MATCH = YES;
				COPY_PHASE_STRIP = NO;
				DEBUG_INFORMATION_FORMAT = dwarf;
				ENABLE_STRICT_OBJC_MSGSEND = YES;
				ENABLE_TESTABILITY = YES;
				ENABLE_USER_SCRIPT_SANDBOXING = YES;
				GCC_C_LANGUAGE_STANDARD = gnu17;
				GCC_DYNAMIC_NO_PIC = NO;
				GCC_NO_COMMON_BLOCKS = YES;
				GCC_OPTIMIZATION_LEVEL = 0;
				GCC_PREPROCESSOR_DEFINITIONS = (
					"DEBUG=1",
					"$(inherited)",
				);
				GCC_WARN_64_TO_32_BIT_CONVERSION = YES;
				GCC_WARN_ABOUT_RETURN_TYPE = YES_ERROR;
				GCC_WARN_UNDECLARED_SELECTOR = YES;
				GCC_WARN_UNINITIALIZED_AUTOS = YES_AGGRESSIVE;
				GCC_WARN_UNUSED_FUNCTION = YES;
				GCC_WARN_UNUSED_VARIABLE = YES;
				IPHONEOS_DEPLOYMENT_TARGET = 17.5;
				LOCALIZATION_PREFERS_STRING_CATALOGS = YES;
				MTL_ENABLE_DEBUG_INFO = INCLUDE_SOURCE;
				MTL_FAST_MATH = YES;
				ONLY_ACTIVE_ARCH = YES;
				SDKROOT = iphoneos;
				SWIFT_ACTIVE_COMPILATION_CONDITIONS = "DEBUG $(inherited)";
				SWIFT_OPTIMIZATION_LEVEL = "-Onone";
			};
			name = Debug;
		};
		B538AA4C2E0217C000D2E018 /* Release */ = {
			isa = XCBuildConfiguration;
			buildSettings = {
				ALWAYS_SEARCH_USER_PATHS = NO;
				ASSETCATALOG_COMPILER_GENERATE_SWIFT_ASSET_SYMBOL_EXTENSIONS = YES;
				CLANG_ANALYZER_NONNULL = YES;
				CLANG_ANALYZER_NUMBER_OBJECT_CONVERSION = YES_AGGRESSIVE;
				CLANG_CXX_LANGUAGE_STANDARD = "gnu++20";
				CLANG_ENABLE_MODULES = YES;
				CLANG_ENABLE_OBJC_ARC = YES;
				CLANG_ENABLE_OBJC_WEAK = YES;
				CLANG_WARN_BLOCK_CAPTURE_AUTORELEASING = YES;
				CLANG_WARN_BOOL_CONVERSION = YES;
				CLANG_WARN_COMMA = YES;
				CLANG_WARN_CONSTANT_CONVERSION = YES;
				CLANG_WARN_DEPRECATED_OBJC_IMPLEMENTATIONS = YES;
				CLANG_WARN_DIRECT_OBJC_ISA_USAGE = YES_ERROR;
				CLANG_WARN_DOCUMENTATION_COMMENTS = YES;
				CLANG_WARN_EMPTY_BODY = YES;
				CLANG_WARN_ENUM_CONVERSION = YES;
				CLANG_WARN_INFINITE_RECURSION = YES;
				CLANG_WARN_INT_CONVERSION = YES;
				CLANG_WARN_NON_LITERAL_NULL_CONVERSION = YES;
				CLANG_WARN_OBJC_IMPLICIT_RETAIN_SELF = YES;
				CLANG_WARN_OBJC_LITERAL_CONVERSION = YES;
				CLANG_WARN_OBJC_ROOT_CLASS = YES_ERROR;
				CLANG_WARN_QUOTED_INCLUDE_IN_FRAMEWORK_HEADER = YES;
				CLANG_WARN_RANGE_LOOP_ANALYSIS = YES;
				CLANG_WARN_STRICT_PROTOTYPES = YES;
				CLANG_WARN_SUSPICIOUS_MOVE = YES;
				CLANG_WARN_UNGUARDED_AVAILABILITY = YES_AGGRESSIVE;
				CLANG_WARN_UNREACHABLE_CODE = YES;
				CLANG_WARN__DUPLICATE_METHOD_MATCH = YES;
				COPY_PHASE_STRIP = NO;
				DEBUG_INFORMATION_FORMAT = "dwarf-with-dsym";
				ENABLE_NS_ASSERTIONS = NO;
				ENABLE_STRICT_OBJC_MSGSEND = YES;
				ENABLE_USER_SCRIPT_SANDBOXING = YES;
				GCC_C_LANGUAGE_STANDARD = gnu17;
				GCC_NO_COMMON_BLOCKS = YES;
				GCC_WARN_64_TO_32_BIT_CONVERSION = YES;
				GCC_WARN_ABOUT_RETURN_TYPE = YES_ERROR;
				GCC_WARN_UNDECLARED_SELECTOR = YES;
				GCC_WARN_UNINITIALIZED_AUTOS = YES_AGGRESSIVE;
				GCC_WARN_UNUSED_FUNCTION = YES;
				GCC_WARN_UNUSED_VARIABLE = YES;
				IPHONEOS_DEPLOYMENT_TARGET = 17.5;
				LOCALIZATION_PREFERS_STRING_CATALOGS = YES;
				MTL_ENABLE_DEBUG_INFO = NO;
				MTL_FAST_MATH = YES;
				SDKROOT = iphoneos;
				SWIFT_COMPILATION_MODE = wholemodule;
				VALIDATE_PRODUCT = YES;
			};
			name = Release;
		};
		B538AA4E2E0217C000D2E018 /* Debug */ = {
			isa = XCBuildConfiguration;
			buildSettings = {
				ASSETCATALOG_COMPILER_APPICON_NAME = AppIcon;
				ASSETCATALOG_COMPILER_GLOBAL_ACCENT_COLOR_NAME = AccentColor;
				CODE_SIGN_STYLE = Automatic;
				CURRENT_PROJECT_VERSION = 1;
				DEVELOPMENT_ASSET_PATHS = "\"Tend/Preview Content\"";
				ENABLE_PREVIEWS = YES;
				GENERATE_INFOPLIST_FILE = YES;
				INFOPLIST_KEY_UIApplicationSceneManifest_Generation = YES;
				INFOPLIST_KEY_UIApplicationSupportsIndirectInputEvents = YES;
				INFOPLIST_KEY_UILaunchScreen_Generation = YES;
				INFOPLIST_KEY_UISupportedInterfaceOrientations_iPad = "UIInterfaceOrientationPortrait UIInterfaceOrientationPortraitUpsideDown UIInterfaceOrientationLandscapeLeft UIInterfaceOrientationLandscapeRight";
				INFOPLIST_KEY_UISupportedInterfaceOrientations_iPhone = "UIInterfaceOrientationPortrait UIInterfaceOrientationLandscapeLeft UIInterfaceOrientationLandscapeRight";
				LD_RUNPATH_SEARCH_PATHS = (
					"$(inherited)",
					"@executable_path/Frameworks",
				);
				MARKETING_VERSION = 1.0;
				PRODUCT_BUNDLE_IDENTIFIER = fromscroobles.Tend;
				PRODUCT_NAME = "$(TARGET_NAME)";
				SWIFT_EMIT_LOC_STRINGS = YES;
				SWIFT_VERSION = 5.0;
				TARGETED_DEVICE_FAMILY = "1,2";
			};
			name = Debug;
		};
		B538AA4F2E0217C000D2E018 /* Release */ = {
			isa = XCBuildConfiguration;
			buildSettings = {
				ASSETCATALOG_COMPILER_APPICON_NAME = AppIcon;
				ASSETCATALOG_COMPILER_GLOBAL_ACCENT_COLOR_NAME = AccentColor;
				CODE_SIGN_STYLE = Automatic;
				CURRENT_PROJECT_VERSION = 1;
				DEVELOPMENT_ASSET_PATHS = "\"Tend/Preview Content\"";
				ENABLE_PREVIEWS = YES;
				GENERATE_INFOPLIST_FILE = YES;
				INFOPLIST_KEY_UIApplicationSceneManifest_Generation = YES;
				INFOPLIST_KEY_UIApplicationSupportsIndirectInputEvents = YES;
				INFOPLIST_KEY_UILaunchScreen_Generation = YES;
				INFOPLIST_KEY_UISupportedInterfaceOrientations_iPad = "UIInterfaceOrientationPortrait UIInterfaceOrientationPortraitUpsideDown UIInterfaceOrientationLandscapeLeft UIInterfaceOrientationLandscapeRight";
				INFOPLIST_KEY_UISupportedInterfaceOrientations_iPhone = "UIInterfaceOrientationPortrait UIInterfaceOrientationLandscapeLeft UIInterfaceOrientationLandscapeRight";
				LD_RUNPATH_SEARCH_PATHS = (
					"$(inherited)",
					"@executable_path/Frameworks",
				);
				MARKETING_VERSION = 1.0;
				PRODUCT_BUNDLE_IDENTIFIER = fromscroobles.Tend;
				PRODUCT_NAME = "$(TARGET_NAME)";
				SWIFT_EMIT_LOC_STRINGS = YES;
				SWIFT_VERSION = 5.0;
				TARGETED_DEVICE_FAMILY = "1,2";
			};
			name = Release;
		};
		B538AA512E0217C000D2E018 /* Debug */ = {
			isa = XCBuildConfiguration;
			buildSettings = {
				ALWAYS_EMBED_SWIFT_STANDARD_LIBRARIES = YES;
				BUNDLE_LOADER = "$(TEST_HOST)";
				CODE_SIGN_STYLE = Automatic;
				CURRENT_PROJECT_VERSION = 1;
				GENERATE_INFOPLIST_FILE = YES;
				IPHONEOS_DEPLOYMENT_TARGET = 17.5;
				MARKETING_VERSION = 1.0;
				PRODUCT_BUNDLE_IDENTIFIER = fromscroobles.TendTests;
				PRODUCT_NAME = "$(TARGET_NAME)";
				SWIFT_EMIT_LOC_STRINGS = NO;
				SWIFT_VERSION = 5.0;
				TARGETED_DEVICE_FAMILY = "1,2";
				TEST_HOST = "$(BUILT_PRODUCTS_DIR)/Tend.app/$(BUNDLE_EXECUTABLE_FOLDER_PATH)/Tend";
			};
			name = Debug;
		};
		B538AA522E0217C000D2E018 /* Release */ = {
			isa = XCBuildConfiguration;
			buildSettings = {
				ALWAYS_EMBED_SWIFT_STANDARD_LIBRARIES = YES;
				BUNDLE_LOADER = "$(TEST_HOST)";
				CODE_SIGN_STYLE = Automatic;
				CURRENT_PROJECT_VERSION = 1;
				GENERATE_INFOPLIST_FILE = YES;
				IPHONEOS_DEPLOYMENT_TARGET = 17.5;
				MARKETING_VERSION = 1.0;
				PRODUCT_BUNDLE_IDENTIFIER = fromscroobles.TendTests;
				PRODUCT_NAME = "$(TARGET_NAME)";
				SWIFT_EMIT_LOC_STRINGS = NO;
				SWIFT_VERSION = 5.0;
				TARGETED_DEVICE_FAMILY = "1,2";
				TEST_HOST = "$(BUILT_PRODUCTS_DIR)/Tend.app/$(BUNDLE_EXECUTABLE_FOLDER_PATH)/Tend";
			};
			name = Release;
		};
		B538AA542E0217C000D2E018 /* Debug */ = {
			isa = XCBuildConfiguration;
			buildSettings = {
				ALWAYS_EMBED_SWIFT_STANDARD_LIBRARIES = YES;
				CODE_SIGN_STYLE = Automatic;
				CURRENT_PROJECT_VERSION = 1;
				GENERATE_INFOPLIST_FILE = YES;
				MARKETING_VERSION = 1.0;
				PRODUCT_BUNDLE_IDENTIFIER = fromscroobles.TendUITests;
				PRODUCT_NAME = "$(TARGET_NAME)";
				SWIFT_EMIT_LOC_STRINGS = NO;
				SWIFT_VERSION = 5.0;
				TARGETED_DEVICE_FAMILY = "1,2";
				TEST_TARGET_NAME = Tend;
			};
			name = Debug;
		};
		B538AA552E0217C000D2E018 /* Release */ = {
			isa = XCBuildConfiguration;
			buildSettings = {
				ALWAYS_EMBED_SWIFT_STANDARD_LIBRARIES = YES;
				CODE_SIGN_STYLE = Automatic;
				CURRENT_PROJECT_VERSION = 1;
				GENERATE_INFOPLIST_FILE = YES;
				MARKETING_VERSION = 1.0;
				PRODUCT_BUNDLE_IDENTIFIER = fromscroobles.TendUITests;
				PRODUCT_NAME = "$(TARGET_NAME)";
				SWIFT_EMIT_LOC_STRINGS = NO;
				SWIFT_VERSION = 5.0;
				TARGETED_DEVICE_FAMILY = "1,2";
				TEST_TARGET_NAME = Tend;
			};
			name = Release;
		};
/* End XCBuildConfiguration section */

/* Begin XCConfigurationList section */
		B538AA242E0217BF00D2E018 /* Build configuration list for PBXProject "Tend" */ = {
			isa = XCConfigurationList;
			buildConfigurations = (
				B538AA4B2E0217C000D2E018 /* Debug */,
				B538AA4C2E0217C000D2E018 /* Release */,
			);
			defaultConfigurationIsVisible = 0;
			defaultConfigurationName = Release;
		};
		B538AA4D2E0217C000D2E018 /* Build configuration list for PBXNativeTarget "Tend" */ = {
			isa = XCConfigurationList;
			buildConfigurations = (
				B538AA4E2E0217C000D2E018 /* Debug */,
				B538AA4F2E0217C000D2E018 /* Release */,
			);
			defaultConfigurationIsVisible = 0;
			defaultConfigurationName = Release;
		};
		B538AA502E0217C000D2E018 /* Build configuration list for PBXNativeTarget "TendTests" */ = {
			isa = XCConfigurationList;
			buildConfigurations = (
				B538AA512E0217C000D2E018 /* Debug */,
				B538AA522E0217C000D2E018 /* Release */,
			);
			defaultConfigurationIsVisible = 0;
			defaultConfigurationName = Release;
		};
		B538AA532E0217C000D2E018 /* Build configuration list for PBXNativeTarget "TendUITests" */ = {
			isa = XCConfigurationList;
			buildConfigurations = (
				B538AA542E0217C000D2E018 /* Debug */,
				B538AA552E0217C000D2E018 /* Release */,
			);
			defaultConfigurationIsVisible = 0;
			defaultConfigurationName = Release;
		};
/* End XCConfigurationList section */

/* Begin XCRemoteSwiftPackageReference section */
		B538AA562E02195500D2E018 /* XCRemoteSwiftPackageReference "supabase-swift" */ = {
			isa = XCRemoteSwiftPackageReference;
			repositoryURL = "https://github.com/supabase/supabase-swift";
			requirement = {
				kind = upToNextMajorVersion;
				minimumVersion = 2.5.1;
			};
		};
/* End XCRemoteSwiftPackageReference section */

/* Begin XCSwiftPackageProductDependency section */
		B538AA572E02195500D2E018 /* Auth */ = {
			isa = XCSwiftPackageProductDependency;
			package = B538AA562E02195500D2E018 /* XCRemoteSwiftPackageReference "supabase-swift" */;
			productName = Auth;
		};
		B538AA592E02195500D2E018 /* Functions */ = {
			isa = XCSwiftPackageProductDependency;
			package = B538AA562E02195500D2E018 /* XCRemoteSwiftPackageReference "supabase-swift" */;
			productName = Functions;
		};
		B538AA5B2E02195500D2E018 /* PostgREST */ = {
			isa = XCSwiftPackageProductDependency;
			package = B538AA562E02195500D2E018 /* XCRemoteSwiftPackageReference "supabase-swift" */;
			productName = PostgREST;
		};
		B538AA5D2E02195500D2E018 /* Realtime */ = {
			isa = XCSwiftPackageProductDependency;
			package = B538AA562E02195500D2E018 /* XCRemoteSwiftPackageReference "supabase-swift" */;
			productName = Realtime;
		};
		B538AA5F2E02195500D2E018 /* Storage */ = {
			isa = XCSwiftPackageProductDependency;
			package = B538AA562E02195500D2E018 /* XCRemoteSwiftPackageReference "supabase-swift" */;
			productName = Storage;
		};
		B538AA612E02196200D2E018 /* Supabase */ = {
			isa = XCSwiftPackageProductDependency;
			package = B538AA562E02195500D2E018 /* XCRemoteSwiftPackageReference "supabase-swift" */;
			productName = Supabase;
		};
		B538AA712E021AF700D2E018 /* Supabase */ = {
			isa = XCSwiftPackageProductDependency;
			package = B538AA562E02195500D2E018 /* XCRemoteSwiftPackageReference "supabase-swift" */;
			productName = Supabase;
		};
/* End XCSwiftPackageProductDependency section */
	};
	rootObject = B538AA212E0217BF00D2E018 /* Project object */;
}
